{
  "name": "ai-security-scanner",
  "lockfileVersion": 3,
  "requires": true,
  "packages": {
    "": {
      "name": "ai-security-scanner",
      "workspaces": [
        "packages/core",
        "packages/cli",
        "packages/vscode-extension"
      ],
      "devDependencies": {
        "turbo": "^2.4.0",
        "typescript": "^5.7.0"
      },
      "engines": {
        "node": ">=20"
      }
    },
    "node_modules/@ai-security-scanner/cli": {
      "resolved": "packages/cli",
      "link": true
    },
    "node_modules/@ai-security-scanner/core": {
      "resolved": "packages/core",
      "link": true
    },
    "node_modules/@turbo/darwin-64": {
      "version": "2.9.5",
      "resolved": "https://registry.npmjs.org/@turbo/darwin-64/-/darwin-64-2.9.5.tgz",
      "integrity": "sha512-qPxhKsLMQP+9+dsmPgAGidi5uNifD4AoAOnEnljab3Qgn0QZRR31Hp+/CgW3Ia5AanWj6JuLLTBYvuQj4mqTWg==",
      "cpu": [
        "x64"
      ],
      "dev": true,
      "license": "MIT",
      "optional": true,
      "os": [
        "darwin"
      ]
    },
    "node_modules/@turbo/darwin-arm64": {
      "version": "2.9.5",
      "resolved": "https://registry.npmjs.org/@turbo/darwin-arm64/-/darwin-arm64-2.9.5.tgz",
      "integrity": "sha512-vkF/9F/l3aWd4bHxTui5Hh0F5xrTZ4e3rbBsc57zA6O8gNbmHN3B6eZ5psAIP2CnJRZ8ZxRjV3WZHeNXMXkPBw==",
      "cpu": [
        "arm64"
      ],
      "dev": true,
      "license": "MIT",
      "optional": true,
      "os": [
        "darwin"
      ]
    },
    "node_modules/@turbo/linux-64": {
      "version": "2.9.5",
      "resolved": "https://registry.npmjs.org/@turbo/linux-64/-/linux-64-2.9.5.tgz",
      "integrity": "sha512-z/Get5NUaUxm5HSGFqVMICDRjFNsCUhSc4wnFa/PP1QD0NXCjr7bu9a2EM6md/KMCBW0Qe393Ac+UM7/ryDDTw==",
      "cpu": [
        "x64"
      ],
      "dev": true,
      "license": "MIT",
      "optional": true,
      "os": [
        "linux"
      ]
    },
    "node_modules/@turbo/linux-arm64": {
      "version": "2.9.5",
      "resolved": "https://registry.npmjs.org/@turbo/linux-arm64/-/linux-arm64-2.9.5.tgz",
      "integrity": "sha512-jyBifaNoI5/NheyswomiZXJvjdAdvT7hDRYzQ4meP0DKGvpXUjnqsD+4/J2YSDQ34OHxFkL30FnSCUIVOh2PHw==",
      "cpu": [
        "arm64"
      ],
      "dev": true,
      "license": "MIT",
      "optional": true,
      "os": [
        "linux"
      ]
    },
    "node_modules/@turbo/windows-64": {
      "version": "2.9.5",
      "resolved": "https://registry.npmjs.org/@turbo/windows-64/-/windows-64-2.9.5.tgz",
      "integrity": "sha512-ph24K5uPtvo7UfuyDXnBiB/8XvrO+RQWbbw5zkA/bVNoy9HDiNoIJJj3s62MxT9tjEb6DnPje5PXSz1UR7QAyg==",
      "cpu": [
        "x64"
      ],
      "dev": true,
      "license": "MIT",
      "optional": true,
      "os": [
        "win32"
      ]
    },
    "node_modules/@turbo/windows-arm64": {
      "version": "2.9.5",
      "resolved": "https://registry.npmjs.org/@turbo/windows-arm64/-/windows-arm64-2.9.5.tgz",
      "integrity": "sha512-6c5RccT/+iR39SdT1G5HyZaD2n57W77o+l0TTfxG/cVlhV94Acyg2gTQW7zUOhW1BeQpBjHzu9x8yVBZwrHh7g==",
      "cpu": [
        "arm64"
      ],
      "dev": true,
      "license": "MIT",
      "optional": true,
      "os": [
        "win32"
      ]
    },
    "node_modules/@types/node": {
      "version": "20.19.39",
      "resolved": "https://registry.npmjs.org/@types/node/-/node-20.19.39.tgz",
      "integrity": "sha512-orrrD74MBUyK8jOAD/r0+lfa1I2MO6I+vAkmAWzMYbCcgrN4lCrmK52gRFQq/JRxfYPfonkr4b0jcY7Olqdqbw==",
      "dev": true,
      "license": "MIT",
      "dependencies": {
        "undici-types": "~6.21.0"
      }
    },
    "node_modules/ai-security-scanner": {
      "resolved": "packages/vscode-extension",
      "link": true
    },
    "node_modules/turbo": {
      "version": "2.9.5",
      "resolved": "https://registry.npmjs.org/turbo/-/turbo-2.9.5.tgz",
      "integrity": "sha512-JXNkRe6H6MjSlk5UQRTjyoKX5YN2zlc2632xcSlSFBao5yvbMWTpv9SNolOZlZmUlcDOHuszPLItbKrvcXnnZA==",
      "dev": true,
      "license": "MIT",
      "bin": {
        "turbo": "bin/turbo"
      },
      "optionalDependencies": {
        "@turbo/darwin-64": "2.9.5",
        "@turbo/darwin-arm64": "2.9.5",
        "@turbo/linux-64": "2.9.5",
        "@turbo/linux-arm64": "2.9.5",
        "@turbo/windows-64": "2.9.5",
        "@turbo/windows-arm64": "2.9.5"
      }
    },
    "node_modules/typescript": {
      "version": "5.9.3",
      "resolved": "https://registry.npmjs.org/typescript/-/typescript-5.9.3.tgz",
      "integrity": "sha512-jl1vZzPDinLr9eUt3J/t7V6FgNEw9QjvBPdysz9KfQDD41fQrC2Y4vKQdiaUpFT4bXlb1RHhLpp8wtm6M5TgSw==",
      "dev": true,
      "license": "Apache-2.0",
      "bin": {
        "tsc": "bin/tsc",
        "tsserver": "bin/tsserver"
      },
      "engines": {
        "node": ">=14.17"
      }
    },
    "node_modules/undici-types": {
      "version": "6.21.0",
      "resolved": "https://registry.npmjs.org/undici-types/-/undici-types-6.21.0.tgz",
      "integrity": "sha512-iwDZqg0QAGrg9Rav5H4n0M64c3mkR59cJ6wQp+7C4nI0gsmExaedaYLNO44eT4AtBBwjbTiGPMlt2Md0T9H9JQ==",
      "dev": true,
      "license": "MIT"
    },
    "packages/cli": {
      "name": "@ai-security-scanner/cli",
      "version": "0.1.0",
      "dependencies": {
        "@ai-security-scanner/core": "*"
      },
      "bin": {
        "secscanner": "bin/secscanner.js"
      },
      "devDependencies": {
        "@types/node": "^20.19.39",
        "typescript": "^5.7.0"
      }
    },
    "packages/core": {
      "name": "@ai-security-scanner/core",
      "version": "0.1.0",
      "devDependencies": {
        "@types/node": "^20.19.39",
        "typescript": "^5.7.0"
      }
    },
    "packages/vscode-extension": {
      "name": "ai-security-scanner",
      "version": "0.1.0",
      "dependencies": {
        "@ai-security-scanner/core": "*"
      },
      "devDependencies": {
        "@types/vscode": "^1.85.0",
        "typescript": "^5.7.0"
      },
      "engines": {
        "vscode": "^1.85.0"
      }
    },
    "packages/vscode-extension/node_modules/@types/vscode": {
      "version": "1.85.0",
      "resolved": "https://registry.npmjs.org/@types/vscode/-/vscode-1.85.0.tgz",
      "integrity": "sha512-CF/RBon/GXwdfmnjZj0WTUMZN5H6YITOfBCP4iEZlOtVQXuzw6t7Le7+cR+7JzdMrnlm7Mfp49Oj2TuSXIWo3g==",
      "dev": true,
      "license": "MIT"
    }
  }
}
